{
  "object": {
    "pins": [
      {
        "package": "AnyCodable",
        "repositoryURL": "https://github.com/Flight-School/AnyCodable.git",
        "state": {
          "branch": null,
          "revision": "38b05fc9f86501ef8018aa90cf3d83bd97f74067",
          "version": "0.4.0"
        }
      },
      {
        "package": "ProcessRunner",
        "repositoryURL": "https://github.com/eneko/ProcessRunner.git",
        "state": {
          "branch": null,
          "revision": "bedc55797b206bff50f652ffad8269223320fee5",
          "version": "1.1.0"
        }
      }
    ]
  },
  "version": 1
}
